{
  "name": "a2a-mcp-system-client",
  "lockfileVersion": 3,
  "requires": true,
  "packages": {
    "": {
      "dependencies": {
        "@types/react-dom": "^19.2.3"
      },
      "devDependencies": {
        "@tanstack/react-query": "^5.100.10",
        "@types/react": "^19.2.14"
      }
    },
    "node_modules/@tanstack/query-core": {
      "version": "5.100.10",
      "resolved": "https://registry.npmjs.org/@tanstack/query-core/-/query-core-5.100.10.tgz",
      "integrity": "sha512-8UR0yJR+GiQ40m3lPhUr0xbfAupe6GSQiksSBSa9SM2NjezFyxXCIA69/lz8cSoNKZLrw1/PktIyQBJcVeMi3w==",
      "dev": true,
      "funding": {
        "type": "github",
        "url": "https://github.com/sponsors/tannerlinsley"
      }
    },
    "node_modules/@tanstack/react-query": {
      "version": "5.100.10",
      "resolved": "https://registry.npmjs.org/@tanstack/react-query/-/react-query-5.100.10.tgz",
      "integrity": "sha512-FLaZf2RCrA/Zgp4aiu5tG3TyasTRO7aZ99skxQpr3Hg/zXOhu6yq5FZCYQ/tRaJtM9ylnoK8tFK7PolXQadv6Q==",
      "dev": true,
      "dependencies": {
        "@tanstack/query-core": "5.100.10"
      },
      "funding": {
        "type": "github",
        "url": "https://github.com/sponsors/tannerlinsley"
      },
      "peerDependencies": {
        "react": "^18 || ^19"
      }
    },
    "node_modules/@types/react": {
      "version": "19.2.14",
      "resolved": "https://registry.npmjs.org/@types/react/-/react-19.2.14.tgz",
      "integrity": "sha512-ilcTH/UniCkMdtexkoCN0bI7pMcJDvmQFPvuPvmEaYA/NSfFTAgdUSLAoVjaRJm7+6PvcM+q1zYOwS4wTYMF9w==",
      "dependencies": {
        "csstype": "^3.2.2"
      }
    },
    "node_modules/@types/react-dom": {
      "version": "19.2.3",
      "resolved": "https://registry.npmjs.org/@types/react-dom/-/react-dom-19.2.3.tgz",
      "integrity": "sha512-jp2L/eY6fn+KgVVQAOqYItbF0VY/YApe5Mz2F0aykSO8gx31bYCZyvSeYxCHKvzHG5eZjc+zyaS5BrBWya2+kQ==",
      "peerDependencies": {
        "@types/react": "^19.2.0"
      }
    },
    "node_modules/csstype": {
      "version": "3.2.3",
      "resolved": "https://registry.npmjs.org/csstype/-/csstype-3.2.3.tgz",
      "integrity": "sha512-z1HGKcYy2xA8AGQfwrn0PAy+PB7X/GSj3UVJW9qKyn43xWa+gl5nXmU4qqLMRzWVLFC8KusUX8T/0kCiOYpAIQ=="
    },
    "node_modules/react": {
      "version": "19.2.6",
      "resolved": "https://registry.npmjs.org/react/-/react-19.2.6.tgz",
      "integrity": "sha512-sfWGGfavi0xr8Pg0sVsyHMAOziVYKgPLNrS7ig+ivMNb3wbCBw3KxtflsGBAwD3gYQlE/AEZsTLgToRrSCjb0Q==",
      "dev": true,
      "peer": true,
      "engines": {
        "node": ">=0.10.0"
      }
    }
  }
}
